<Solution>
  <Folder Name="/DesignPatterns/" />
  <Folder Name="/DesignPatterns/Behavioral/">
    <Project Path="Strategy/Strategy.csproj" Id="3c0f2fac-0c3a-4a8e-9c1d-2989127d1277" />
  </Folder>
  <Folder Name="/DesignPatterns/Creational/">
    <Project Path="AbstractFactoryPattern/AbstractFactoryPattern.csproj" Id="3931ddd5-285a-4837-a6c5-7114d7ff734d" />
    <Project Path="FactoryPattern/FactoryPattern.csproj" Id="ed6f84d5-7d60-46ac-a580-9341080c5de4" />
    <Project Path="SingletonPattern/SingletonPattern.csproj" Id="5539af67-d091-4430-ba73-0e3a20fd4b3b" />
  </Folder>
  <Folder Name="/DesignPatterns/Structural/">
    <Project Path="Adapter/Adapter.csproj" Id="6a1f496e-26d2-4242-8213-725c1f7c3d65" />
    <Project Path="Decorator/Decorator.csproj" Id="35fa4fde-9da7-4b22-b7bf-19ec437f7aa5" />
    <Project Path="Facade/Facade.csproj" Id="c2e78f6a-d1a4-4c2f-875b-65962d2199a2" />
  </Folder>
  <Project Path="DependencyInversion/DependencyInversion.csproj" />
  <Project Path="InterfaceSegregation/InterfaceSegregation.csproj" />
  <Project Path="LiskovSubstitution/LiskovSubstitution.csproj" />
  <Project Path="OpenClosed/OpenClosed.csproj" />
  <Project Path="SingleResponsibility/SingleResponsibility.csproj" />
</Solution>
