<Solution>
  <Folder Name="/DesignPatterns/" />
  <Folder Name="/DesignPatterns/Creational/">
    <Project Path="SingletonPattern/SingletonPattern.csproj" Id="5539af67-d091-4430-ba73-0e3a20fd4b3b" />
  </Folder>
  <Project Path="DependencyInversion/DependencyInversion.csproj" />
  <Project Path="InterfaceSegregation/InterfaceSegregation.csproj" />
  <Project Path="LiskovSubstitution/LiskovSubstitution.csproj" />
  <Project Path="OpenClosed/OpenClosed.csproj" />
  <Project Path="SingleResponsibility/SingleResponsibility.csproj" />
</Solution>
