<Solution>
  <Folder Name="/DesignPatterns/" />
  <Folder Name="/DesignPatterns/Creational/">
    <Project Path="AbstractFactoryPattern/AbstractFactoryPattern.csproj" Id="3931ddd5-285a-4837-a6c5-7114d7ff734d" />
    <Project Path="FactoryPattern/FactoryPattern.csproj" Id="ed6f84d5-7d60-46ac-a580-9341080c5de4" />
    <Project Path="SingletonPattern/SingletonPattern.csproj" Id="5539af67-d091-4430-ba73-0e3a20fd4b3b" />
  </Folder>
  <Folder Name="/DesignPatterns/Structural/">
    <Project Path="Adapter/Adapter.csproj" Id="6a1f496e-26d2-4242-8213-725c1f7c3d65" />
  </Folder>
  <Project Path="DependencyInversion/DependencyInversion.csproj" />
  <Project Path="InterfaceSegregation/InterfaceSegregation.csproj" />
  <Project Path="LiskovSubstitution/LiskovSubstitution.csproj" />
  <Project Path="OpenClosed/OpenClosed.csproj" />
  <Project Path="SingleResponsibility/SingleResponsibility.csproj" />
</Solution>
